# This file is automatically @generated by Cargo.
# It is not intended for manual editing.
version = 4

[[package]]
name = "reliakit-collections"
version = "0.1.0"

[[package]]
name = "reliakit-primitives"
version = "0.2.5"
dependencies = [
 "reliakit-secret",
 "reliakit-validate",
]

[[package]]
name = "reliakit-secret"
version = "0.1.0"

[[package]]
name = "reliakit-validate"
version = "0.1.0"
